<?xml version="1.0" encoding="utf-8"?>
<Project ToolsVersion="4.0" xmlns="http://schemas.microsoft.com/developer/msbuild/2003">
  <ItemGroup>
    <Filter Include="Source Files">
      <UniqueIdentifier>{4FC737F1-C7A5-4376-A066-2A32D752A2FF}</UniqueIdentifier>
      <Extensions>cpp;c;cc;cxx;c++;cppm;ixx;def;odl;idl;hpj;bat;asm;asmx</Extensions>
    </Filter>
    <Filter Include="Header Files">
      <UniqueIdentifier>{93995380-89BD-4b04-88EB-625FBE52EBFB}</UniqueIdentifier>
      <Extensions>h;hh;hpp;hxx;h++;hm;inl;inc;ipp;xsd</Extensions>
    </Filter>
    <Filter Include="Resource Files">
      <UniqueIdentifier>{67DA6AB6-F800-4c08-8B7A-83BB121AAD01}</UniqueIdentifier>
      <Extensions>rc;ico;cur;bmp;dlg;rc2;rct;bin;rgs;gif;jpg;jpeg;jpe;resx;tiff;tif;png;wav;mfcribbon-ms</Extensions>
    </Filter>
    <Filter Include="Header Files\GUI Files">
      <UniqueIdentifier>{f887d585-6285-4ff5-bd78-bb156a8f5a39}</UniqueIdentifier>
    </Filter>
    <Filter Include="Source Files\GUI Files">
      <UniqueIdentifier>{2c4cae2d-28d7-4e5a-a316-566e6a405db3}</UniqueIdentifier>
    </Filter>
    <Filter Include="Header Files\GUI Files\Buttons">
      <UniqueIdentifier>{07af16bc-3fc4-4cf7-822c-20a4ccdf60ac}</UniqueIdentifier>
    </Filter>
    <Filter Include="Source Files\GUI Files\Buttons">
      <UniqueIdentifier>{e84f073d-bc96-4c6f-b016-b6712672bf3e}</UniqueIdentifier>
    </Filter>
    <Filter Include="Header Files\GUI Files\FileNav">
      <UniqueIdentifier>{0a14788d-05f1-417c-8982-12ea0bf08326}</UniqueIdentifier>
    </Filter>
    <Filter Include="Source Files\GUI Files\FileNav">
      <UniqueIdentifier>{e85f8860-6591-4318-ac7c-d36d5dff022d}</UniqueIdentifier>
    </Filter>
  </ItemGroup>
  <ItemGroup>
    <ClCompile Include="source\main.cpp">
      <Filter>Source Files</Filter>
    </ClCompile>
    <ClCompile Include="source\AudioFacade.cpp">
      <Filter>Source Files</Filter>
    </ClCompile>
    <ClCompile Include="source\Constants.cpp">
      <Filter>Source Files</Filter>
    </ClCompile>
    <ClCompile Include="source\BasicFileManager.cpp">
      <Filter>Source Files</Filter>
    </ClCompile>
    <ClCompile Include="source\GuiTheme.cpp">
      <Filter>Source Files\GUI Files</Filter>
    </ClCompile>
    <ClCompile Include="source\Button.cpp">
      <Filter>Source Files\GUI Files\Buttons</Filter>
    </ClCompile>
    <ClCompile Include="source\TextButton.cpp">
      <Filter>Source Files\GUI Files\Buttons</Filter>
    </ClCompile>
    <ClCompile Include="source\SpriteButton.cpp">
      <Filter>Source Files\GUI Files\Buttons</Filter>
    </ClCompile>
    <ClCompile Include="source\ThemeManager.cpp">
      <Filter>Source Files\GUI Files</Filter>
    </ClCompile>
    <ClCompile Include="source\FilesystemNav.cpp">
      <Filter>Source Files\GUI Files\FileNav</Filter>
    </ClCompile>
    <ClCompile Include="source\NavControls.cpp">
      <Filter>Source Files\GUI Files\FileNav</Filter>
    </ClCompile>
    <ClCompile Include="source\NavDetails.cpp">
      <Filter>Source Files\GUI Files\FileNav</Filter>
    </ClCompile>
  </ItemGroup>
  <ItemGroup>
    <ClInclude Include="include\AudioFacade.h">
      <Filter>Header Files</Filter>
    </ClInclude>
    <ClInclude Include="include\FourierAnalyzer.hpp">
      <Filter>Header Files</Filter>
    </ClInclude>
    <ClInclude Include="include\BasicFileManager.hpp">
      <Filter>Header Files</Filter>
    </ClInclude>
    <ClInclude Include="include\IFileManager.hpp">
      <Filter>Header Files</Filter>
    </ClInclude>
    <ClInclude Include="include\GuiTheme.hpp">
      <Filter>Header Files\GUI Files</Filter>
    </ClInclude>
    <ClInclude Include="include\Constants.hpp">
      <Filter>Header Files</Filter>
    </ClInclude>
    <ClInclude Include="include\Button.hpp">
      <Filter>Header Files\GUI Files\Buttons</Filter>
    </ClInclude>
    <ClInclude Include="include\TextButton.hpp">
      <Filter>Header Files\GUI Files\Buttons</Filter>
    </ClInclude>
    <ClInclude Include="include\SpriteButton.hpp">
      <Filter>Header Files\GUI Files\Buttons</Filter>
    </ClInclude>
    <ClInclude Include="include\ThemeManager.hpp">
      <Filter>Header Files\GUI Files</Filter>
    </ClInclude>
    <ClInclude Include="include\FilesystemNav.hpp">
      <Filter>Header Files\GUI Files\FileNav</Filter>
    </ClInclude>
    <ClInclude Include="include\NavControls.hpp">
      <Filter>Header Files\GUI Files\FileNav</Filter>
    </ClInclude>
    <ClInclude Include="include\NavDetails.hpp">
      <Filter>Header Files\GUI Files\FileNav</Filter>
    </ClInclude>
  </ItemGroup>
</Project>